
Microsoft Visual Studio Solution File, Format Version 12.00
# Visual Studio Version 17
VisualStudioVersion = 17.2.32408.312
MinimumVisualStudioVersion = 10.0.40219.1
Project("{9A19103F-16F7-4668-BE54-9A1E7A4F7556}") = "LC", "LC\LC.csproj", "{0E0975A7-27AC-4761-9BBC-27711516B22B}"
EndProject
Project("{FAE04EC0-301F-11D3-BF4B-00C04F79EFBC}") = "LC.Tests", "LC.Tests\LC.Tests.csproj", "{155DF7BA-5692-4E9C-9DC2-2CE8C41C4559}"
EndProject
Global
	GlobalSection(SolutionConfigurationPlatforms) = preSolution
		Debug|Any CPU = Debug|Any CPU
		Release|Any CPU = Release|Any CPU
	EndGlobalSection
	GlobalSection(ProjectConfigurationPlatforms) = postSolution
		{0E0975A7-27AC-4761-9BBC-27711516B22B}.Debug|Any CPU.ActiveCfg = Debug|Any CPU
		{0E0975A7-27AC-4761-9BBC-27711516B22B}.Debug|Any CPU.Build.0 = Debug|Any CPU
		{0E0975A7-27AC-4761-9BBC-27711516B22B}.Release|Any CPU.ActiveCfg = Release|Any CPU
		{0E0975A7-27AC-4761-9BBC-27711516B22B}.Release|Any CPU.Build.0 = Release|Any CPU
		{155DF7BA-5692-4E9C-9DC2-2CE8C41C4559}.Debug|Any CPU.ActiveCfg = Debug|Any CPU
		{155DF7BA-5692-4E9C-9DC2-2CE8C41C4559}.Debug|Any CPU.Build.0 = Debug|Any CPU
		{155DF7BA-5692-4E9C-9DC2-2CE8C41C4559}.Release|Any CPU.ActiveCfg = Release|Any CPU
		{155DF7BA-5692-4E9C-9DC2-2CE8C41C4559}.Release|Any CPU.Build.0 = Release|Any CPU
	EndGlobalSection
	GlobalSection(SolutionProperties) = preSolution
		HideSolutionNode = FALSE
	EndGlobalSection
	GlobalSection(ExtensibilityGlobals) = postSolution
		SolutionGuid = {65364570-8BA9-4474-8AFB-9848CE2821AB}
	EndGlobalSection
EndGlobal
